
Microsoft Visual Studio Solution File, Format Version 12.00
# Visual Studio Version 16
VisualStudioVersion = 16.0.28407.52
MinimumVisualStudioVersion = 10.0.40219.1
Project("{9A19103F-16F7-4668-BE54-9A1E7A4F7556}") = "RailwayTicketOffice", "RailwayTicketOffice\RailwayTicketOffice.csproj", "{FC32D28C-D79B-46F7-9A00-23039AA8CFC4}"
EndProject
Global
	GlobalSection(SolutionConfigurationPlatforms) = preSolution
		Debug|Any CPU = Debug|Any CPU
		Release|Any CPU = Release|Any CPU
	EndGlobalSection
	GlobalSection(ProjectConfigurationPlatforms) = postSolution
		{FC32D28C-D79B-46F7-9A00-23039AA8CFC4}.Debug|Any CPU.ActiveCfg = Debug|Any CPU
		{FC32D28C-D79B-46F7-9A00-23039AA8CFC4}.Debug|Any CPU.Build.0 = Debug|Any CPU
		{FC32D28C-D79B-46F7-9A00-23039AA8CFC4}.Release|Any CPU.ActiveCfg = Release|Any CPU
		{FC32D28C-D79B-46F7-9A00-23039AA8CFC4}.Release|Any CPU.Build.0 = Release|Any CPU
	EndGlobalSection
	GlobalSection(SolutionProperties) = preSolution
		HideSolutionNode = FALSE
	EndGlobalSection
	GlobalSection(ExtensibilityGlobals) = postSolution
		SolutionGuid = {598E206F-1325-44F2-9FB0-FF05683D4ABB}
	EndGlobalSection
EndGlobal
